
Microsoft Visual Studio Solution File, Format Version 12.00
# Visual Studio Version 16
VisualStudioVersion = 16.0.30804.86
MinimumVisualStudioVersion = 10.0.40219.1
Project("{FAE04EC0-301F-11D3-BF4B-00C04F79EFBC}") = "UnityExample", "UnityExample\UnityExample.csproj", "{1B11EAE0-8FF4-48D8-83E4-C145DB6708D4}"
EndProject
Global
	GlobalSection(SolutionConfigurationPlatforms) = preSolution
		Debug|Any CPU = Debug|Any CPU
		Release|Any CPU = Release|Any CPU
	EndGlobalSection
	GlobalSection(ProjectConfigurationPlatforms) = postSolution
		{1B11EAE0-8FF4-48D8-83E4-C145DB6708D4}.Debug|Any CPU.ActiveCfg = Debug|Any CPU
		{1B11EAE0-8FF4-48D8-83E4-C145DB6708D4}.Debug|Any CPU.Build.0 = Debug|Any CPU
		{1B11EAE0-8FF4-48D8-83E4-C145DB6708D4}.Release|Any CPU.ActiveCfg = Release|Any CPU
		{1B11EAE0-8FF4-48D8-83E4-C145DB6708D4}.Release|Any CPU.Build.0 = Release|Any CPU
	EndGlobalSection
	GlobalSection(SolutionProperties) = preSolution
		HideSolutionNode = FALSE
	EndGlobalSection
	GlobalSection(ExtensibilityGlobals) = postSolution
		SolutionGuid = {11865829-8E82-4C67-9625-E2F88252EE3A}
	EndGlobalSection
EndGlobal
